<?xml version="1.0" encoding="utf-8"?>
<Project ToolsVersion="4.0" xmlns="http://schemas.microsoft.com/developer/msbuild/2003">
  <ItemGroup>
    <Filter Include="Source Files">
      <UniqueIdentifier>{4FC737F1-C7A5-4376-A066-2A32D752A2FF}</UniqueIdentifier>
      <Extensions>cpp;c;cc;cxx;c++;cppm;ixx;def;odl;idl;hpj;bat;asm;asmx</Extensions>
    </Filter>
    <Filter Include="Header Files">
      <UniqueIdentifier>{93995380-89BD-4b04-88EB-625FBE52EBFB}</UniqueIdentifier>
      <Extensions>h;hh;hpp;hxx;h++;hm;inl;inc;ipp;xsd</Extensions>
    </Filter>
    <Filter Include="Resource Files">
      <UniqueIdentifier>{67DA6AB6-F800-4c08-8B7A-83BB121AAD01}</UniqueIdentifier>
      <Extensions>rc;ico;cur;bmp;dlg;rc2;rct;bin;rgs;gif;jpg;jpeg;jpe;resx;tiff;tif;png;wav;mfcribbon-ms</Extensions>
    </Filter>
    <Filter Include="lua">
      <UniqueIdentifier>{0eaff2ac-d2ff-4bd3-8e5a-74b37b905289}</UniqueIdentifier>
    </Filter>
    <Filter Include="Source Files\Draw">
      <UniqueIdentifier>{062d1806-eb7e-4168-be26-ad4445a0b94b}</UniqueIdentifier>
    </Filter>
    <Filter Include="Source Files\UI">
      <UniqueIdentifier>{3e1cbd98-e971-4506-901d-1c5e2d7bd55e}</UniqueIdentifier>
    </Filter>
    <Filter Include="lyra">
      <UniqueIdentifier>{5df252ac-0643-479f-a058-3b43b5bccc63}</UniqueIdentifier>
    </Filter>
    <Filter Include="lyra\detail">
      <UniqueIdentifier>{dcf4480d-d691-4448-ad09-c2fdb26fd22f}</UniqueIdentifier>
    </Filter>
  </ItemGroup>
  <ItemGroup>
    <ClCompile Include="Main.cpp">
      <Filter>Source Files</Filter>
    </ClCompile>
    <ClCompile Include="Game.cpp">
      <Filter>Source Files</Filter>
    </ClCompile>
    <ClCompile Include="Player.cpp">
      <Filter>Source Files</Filter>
    </ClCompile>
    <ClCompile Include="SnekManager.cpp">
      <Filter>Source Files</Filter>
    </ClCompile>
    <ClCompile Include="Pickup.cpp">
      <Filter>Source Files</Filter>
    </ClCompile>
    <ClCompile Include="lua\lapi.c">
      <Filter>lua</Filter>
    </ClCompile>
    <ClCompile Include="lua\lauxlib.c">
      <Filter>lua</Filter>
    </ClCompile>
    <ClCompile Include="lua\lbaselib.c">
      <Filter>lua</Filter>
    </ClCompile>
    <ClCompile Include="lua\lcode.c">
      <Filter>lua</Filter>
    </ClCompile>
    <ClCompile Include="lua\lcorolib.c">
      <Filter>lua</Filter>
    </ClCompile>
    <ClCompile Include="lua\lctype.c">
      <Filter>lua</Filter>
    </ClCompile>
    <ClCompile Include="lua\ldblib.c">
      <Filter>lua</Filter>
    </ClCompile>
    <ClCompile Include="lua\ldebug.c">
      <Filter>lua</Filter>
    </ClCompile>
    <ClCompile Include="lua\ldo.c">
      <Filter>lua</Filter>
    </ClCompile>
    <ClCompile Include="lua\ldump.c">
      <Filter>lua</Filter>
    </ClCompile>
    <ClCompile Include="lua\lfunc.c">
      <Filter>lua</Filter>
    </ClCompile>
    <ClCompile Include="lua\lgc.c">
      <Filter>lua</Filter>
    </ClCompile>
    <ClCompile Include="lua\linit.c">
      <Filter>lua</Filter>
    </ClCompile>
    <ClCompile Include="lua\liolib.c">
      <Filter>lua</Filter>
    </ClCompile>
    <ClCompile Include="lua\llex.c">
      <Filter>lua</Filter>
    </ClCompile>
    <ClCompile Include="lua\lmathlib.c">
      <Filter>lua</Filter>
    </ClCompile>
    <ClCompile Include="lua\lmem.c">
      <Filter>lua</Filter>
    </ClCompile>
    <ClCompile Include="lua\loadlib.c">
      <Filter>lua</Filter>
    </ClCompile>
    <ClCompile Include="lua\lobject.c">
      <Filter>lua</Filter>
    </ClCompile>
    <ClCompile Include="lua\lopcodes.c">
      <Filter>lua</Filter>
    </ClCompile>
    <ClCompile Include="lua\loslib.c">
      <Filter>lua</Filter>
    </ClCompile>
    <ClCompile Include="lua\lparser.c">
      <Filter>lua</Filter>
    </ClCompile>
    <ClCompile Include="lua\lstate.c">
      <Filter>lua</Filter>
    </ClCompile>
    <ClCompile Include="lua\lstring.c">
      <Filter>lua</Filter>
    </ClCompile>
    <ClCompile Include="lua\lstrlib.c">
      <Filter>lua</Filter>
    </ClCompile>
    <ClCompile Include="lua\ltable.c">
      <Filter>lua</Filter>
    </ClCompile>
    <ClCompile Include="lua\ltablib.c">
      <Filter>lua</Filter>
    </ClCompile>
    <ClCompile Include="lua\ltests.c">
      <Filter>lua</Filter>
    </ClCompile>
    <ClCompile Include="lua\ltm.c">
      <Filter>lua</Filter>
    </ClCompile>
    <ClCompile Include="lua\lundump.c">
      <Filter>lua</Filter>
    </ClCompile>
    <ClCompile Include="lua\lutf8lib.c">
      <Filter>lua</Filter>
    </ClCompile>
    <ClCompile Include="lua\lvm.c">
      <Filter>lua</Filter>
    </ClCompile>
    <ClCompile Include="lua\lzio.c">
      <Filter>lua</Filter>
    </ClCompile>
    <ClCompile Include="Draw.cpp">
      <Filter>Source Files\Draw</Filter>
    </ClCompile>
    <ClCompile Include="UI.cpp">
      <Filter>Source Files\UI</Filter>
    </ClCompile>
    <ClCompile Include="Localisation.cpp">
      <Filter>Source Files\UI</Filter>
    </ClCompile>
    <ClCompile Include="CLI.cpp">
      <Filter>Source Files</Filter>
    </ClCompile>
    <ClCompile Include="DrawConsole.cpp">
      <Filter>Source Files\Draw</Filter>
    </ClCompile>
    <ClCompile Include="InputPlayer.cpp">
      <Filter>Source Files</Filter>
    </ClCompile>
  </ItemGroup>
  <ItemGroup>
    <ClInclude Include="util.h">
      <Filter>Header Files</Filter>
    </ClInclude>
    <ClInclude Include="Game.h">
      <Filter>Source Files</Filter>
    </ClInclude>
    <ClInclude Include="Pickup.h">
      <Filter>Source Files</Filter>
    </ClInclude>
    <ClInclude Include="Player.h">
      <Filter>Source Files</Filter>
    </ClInclude>
    <ClInclude Include="Enums.h">
      <Filter>Header Files</Filter>
    </ClInclude>
    <ClInclude Include="SnekManager.h">
      <Filter>Source Files</Filter>
    </ClInclude>
    <ClInclude Include="lua\lua.hpp">
      <Filter>lua</Filter>
    </ClInclude>
    <ClInclude Include="lua\lapi.h">
      <Filter>lua</Filter>
    </ClInclude>
    <ClInclude Include="lua\lauxlib.h">
      <Filter>lua</Filter>
    </ClInclude>
    <ClInclude Include="lua\lcode.h">
      <Filter>lua</Filter>
    </ClInclude>
    <ClInclude Include="lua\lctype.h">
      <Filter>lua</Filter>
    </ClInclude>
    <ClInclude Include="lua\ldebug.h">
      <Filter>lua</Filter>
    </ClInclude>
    <ClInclude Include="lua\ldo.h">
      <Filter>lua</Filter>
    </ClInclude>
    <ClInclude Include="lua\lfunc.h">
      <Filter>lua</Filter>
    </ClInclude>
    <ClInclude Include="lua\lgc.h">
      <Filter>lua</Filter>
    </ClInclude>
    <ClInclude Include="lua\ljumptab.h">
      <Filter>lua</Filter>
    </ClInclude>
    <ClInclude Include="lua\llex.h">
      <Filter>lua</Filter>
    </ClInclude>
    <ClInclude Include="lua\llimits.h">
      <Filter>lua</Filter>
    </ClInclude>
    <ClInclude Include="lua\lmem.h">
      <Filter>lua</Filter>
    </ClInclude>
    <ClInclude Include="lua\lobject.h">
      <Filter>lua</Filter>
    </ClInclude>
    <ClInclude Include="lua\lopcodes.h">
      <Filter>lua</Filter>
    </ClInclude>
    <ClInclude Include="lua\lopnames.h">
      <Filter>lua</Filter>
    </ClInclude>
    <ClInclude Include="lua\lparser.h">
      <Filter>lua</Filter>
    </ClInclude>
    <ClInclude Include="lua\lprefix.h">
      <Filter>lua</Filter>
    </ClInclude>
    <ClInclude Include="lua\lstate.h">
      <Filter>lua</Filter>
    </ClInclude>
    <ClInclude Include="lua\lstring.h">
      <Filter>lua</Filter>
    </ClInclude>
    <ClInclude Include="lua\ltable.h">
      <Filter>lua</Filter>
    </ClInclude>
    <ClInclude Include="lua\ltests.h">
      <Filter>lua</Filter>
    </ClInclude>
    <ClInclude Include="lua\ltm.h">
      <Filter>lua</Filter>
    </ClInclude>
    <ClInclude Include="lua\lua.h">
      <Filter>lua</Filter>
    </ClInclude>
    <ClInclude Include="lua\luaconf.h">
      <Filter>lua</Filter>
    </ClInclude>
    <ClInclude Include="lua\lualib.h">
      <Filter>lua</Filter>
    </ClInclude>
    <ClInclude Include="lua\lundump.h">
      <Filter>lua</Filter>
    </ClInclude>
    <ClInclude Include="lua\lvm.h">
      <Filter>lua</Filter>
    </ClInclude>
    <ClInclude Include="lua\lzio.h">
      <Filter>lua</Filter>
    </ClInclude>
    <ClInclude Include="Draw.h">
      <Filter>Source Files\Draw</Filter>
    </ClInclude>
    <ClInclude Include="UI.h">
      <Filter>Source Files\UI</Filter>
    </ClInclude>
    <ClInclude Include="Localisation.h">
      <Filter>Source Files\UI</Filter>
    </ClInclude>
    <ClInclude Include="CLI.h">
      <Filter>Source Files</Filter>
    </ClInclude>
    <ClInclude Include="lyra\detail\bound.hpp">
      <Filter>lyra\detail</Filter>
    </ClInclude>
    <ClInclude Include="lyra\detail\choices.hpp">
      <Filter>lyra\detail</Filter>
    </ClInclude>
    <ClInclude Include="lyra\detail\deprecated_parser_customization.hpp">
      <Filter>lyra\detail</Filter>
    </ClInclude>
    <ClInclude Include="lyra\detail\from_string.hpp">
      <Filter>lyra\detail</Filter>
    </ClInclude>
    <ClInclude Include="lyra\detail\invoke_lambda.hpp">
      <Filter>lyra\detail</Filter>
    </ClInclude>
    <ClInclude Include="lyra\detail\parse.hpp">
      <Filter>lyra\detail</Filter>
    </ClInclude>
    <ClInclude Include="lyra\detail\print.hpp">
      <Filter>lyra\detail</Filter>
    </ClInclude>
    <ClInclude Include="lyra\detail\result.hpp">
      <Filter>lyra\detail</Filter>
    </ClInclude>
    <ClInclude Include="lyra\detail\tokens.hpp">
      <Filter>lyra\detail</Filter>
    </ClInclude>
    <ClInclude Include="lyra\detail\trait_utils.hpp">
      <Filter>lyra\detail</Filter>
    </ClInclude>
    <ClInclude Include="lyra\detail\unary_lambda_traits.hpp">
      <Filter>lyra\detail</Filter>
    </ClInclude>
    <ClInclude Include="lyra\arg.hpp">
      <Filter>lyra</Filter>
    </ClInclude>
    <ClInclude Include="lyra\args.hpp">
      <Filter>lyra</Filter>
    </ClInclude>
    <ClInclude Include="lyra\arguments.hpp">
      <Filter>lyra</Filter>
    </ClInclude>
    <ClInclude Include="lyra\cli.hpp">
      <Filter>lyra</Filter>
    </ClInclude>
    <ClInclude Include="lyra\cli_parser.hpp">
      <Filter>lyra</Filter>
    </ClInclude>
    <ClInclude Include="lyra\command.hpp">
      <Filter>lyra</Filter>
    </ClInclude>
    <ClInclude Include="lyra\exe_name.hpp">
      <Filter>lyra</Filter>
    </ClInclude>
    <ClInclude Include="lyra\group.hpp">
      <Filter>lyra</Filter>
    </ClInclude>
    <ClInclude Include="lyra\help.hpp">
      <Filter>lyra</Filter>
    </ClInclude>
    <ClInclude Include="lyra\literal.hpp">
      <Filter>lyra</Filter>
    </ClInclude>
    <ClInclude Include="lyra\lyra.hpp">
      <Filter>lyra</Filter>
    </ClInclude>
    <ClInclude Include="lyra\main.hpp">
      <Filter>lyra</Filter>
    </ClInclude>
    <ClInclude Include="lyra\opt.hpp">
      <Filter>lyra</Filter>
    </ClInclude>
    <ClInclude Include="lyra\option_style.hpp">
      <Filter>lyra</Filter>
    </ClInclude>
    <ClInclude Include="lyra\parser.hpp">
      <Filter>lyra</Filter>
    </ClInclude>
    <ClInclude Include="lyra\parser_result.hpp">
      <Filter>lyra</Filter>
    </ClInclude>
    <ClInclude Include="lyra\val.hpp">
      <Filter>lyra</Filter>
    </ClInclude>
    <ClInclude Include="lyra\version.hpp">
      <Filter>lyra</Filter>
    </ClInclude>
    <ClInclude Include="DrawConsole.h">
      <Filter>Source Files\Draw</Filter>
    </ClInclude>
    <ClInclude Include="InputPlayer.h">
      <Filter>Source Files</Filter>
    </ClInclude>
  </ItemGroup>
  <ItemGroup>
    <Text Include="CMakeLists.txt">
      <Filter>Source Files</Filter>
    </Text>
    <Text Include="LICENSE.txt">
      <Filter>Source Files</Filter>
    </Text>
  </ItemGroup>
  <ItemGroup>
    <None Include="Language.lua">
      <Filter>Source Files\UI</Filter>
    </None>
  </ItemGroup>
</Project>